
Microsoft Visual Studio Solution File, Format Version 12.00
# Visual Studio Version 17
VisualStudioVersion = 17.4.33205.214
MinimumVisualStudioVersion = 10.0.40219.1
Project("{FAE04EC0-301F-11D3-BF4B-00C04F79EFBC}") = "DataAccess", "DataAccess\DataAccess.csproj", "{A3824B7A-B762-4298-9340-710D8A71FCC1}"
EndProject
Project("{FAE04EC0-301F-11D3-BF4B-00C04F79EFBC}") = "BusinessObject", "BusinessObject\BusinessObject.csproj", "{DA945494-16DF-47E0-A63B-2779CF260B98}"
EndProject
Project("{FAE04EC0-301F-11D3-BF4B-00C04F79EFBC}") = "MyStoreWinApp", "MyStoreWinApp\MyStoreWinApp.csproj", "{702E8692-CB24-4059-8EE7-AEE1CB984D77}"
EndProject
Global
	GlobalSection(SolutionConfigurationPlatforms) = preSolution
		Debug|Any CPU = Debug|Any CPU
		Release|Any CPU = Release|Any CPU
	EndGlobalSection
	GlobalSection(ProjectConfigurationPlatforms) = postSolution
		{A3824B7A-B762-4298-9340-710D8A71FCC1}.Debug|Any CPU.ActiveCfg = Debug|Any CPU
		{A3824B7A-B762-4298-9340-710D8A71FCC1}.Debug|Any CPU.Build.0 = Debug|Any CPU
		{A3824B7A-B762-4298-9340-710D8A71FCC1}.Release|Any CPU.ActiveCfg = Release|Any CPU
		{A3824B7A-B762-4298-9340-710D8A71FCC1}.Release|Any CPU.Build.0 = Release|Any CPU
		{DA945494-16DF-47E0-A63B-2779CF260B98}.Debug|Any CPU.ActiveCfg = Debug|Any CPU
		{DA945494-16DF-47E0-A63B-2779CF260B98}.Debug|Any CPU.Build.0 = Debug|Any CPU
		{DA945494-16DF-47E0-A63B-2779CF260B98}.Release|Any CPU.ActiveCfg = Release|Any CPU
		{DA945494-16DF-47E0-A63B-2779CF260B98}.Release|Any CPU.Build.0 = Release|Any CPU
		{702E8692-CB24-4059-8EE7-AEE1CB984D77}.Debug|Any CPU.ActiveCfg = Debug|Any CPU
		{702E8692-CB24-4059-8EE7-AEE1CB984D77}.Debug|Any CPU.Build.0 = Debug|Any CPU
		{702E8692-CB24-4059-8EE7-AEE1CB984D77}.Release|Any CPU.ActiveCfg = Release|Any CPU
		{702E8692-CB24-4059-8EE7-AEE1CB984D77}.Release|Any CPU.Build.0 = Release|Any CPU
	EndGlobalSection
	GlobalSection(SolutionProperties) = preSolution
		HideSolutionNode = FALSE
	EndGlobalSection
	GlobalSection(ExtensibilityGlobals) = postSolution
		SolutionGuid = {6BA9C282-2D3A-4BF3-AFE6-DB5FA3B0A5E9}
	EndGlobalSection
EndGlobal
